
Microsoft Visual Studio Solution File, Format Version 12.00
# Visual Studio Version 17
VisualStudioVersion = 17.4.33110.190
MinimumVisualStudioVersion = 10.0.40219.1
Project("{9A19103F-16F7-4668-BE54-9A1E7A4F7556}") = "PE_Trial", "PE_Trial\PE_Trial.csproj", "{00EC06F3-B0D1-4240-BBD9-80B315A65C55}"
EndProject
Project("{9A19103F-16F7-4668-BE54-9A1E7A4F7556}") = "PE_Trial_2", "PE_Trial_2\PE_Trial_2.csproj", "{BA94EAA6-5C1C-4C23-B2B2-AF48D8E375F1}"
EndProject
Project("{FAE04EC0-301F-11D3-BF4B-00C04F79EFBC}") = "PE_Trial2_Client", "PE_Trial2_Client\PE_Trial2_Client.csproj", "{FBDF88F1-FAC0-405B-8695-1BF46B539731}"
EndProject
Global
	GlobalSection(SolutionConfigurationPlatforms) = preSolution
		Debug|Any CPU = Debug|Any CPU
		Release|Any CPU = Release|Any CPU
	EndGlobalSection
	GlobalSection(ProjectConfigurationPlatforms) = postSolution
		{00EC06F3-B0D1-4240-BBD9-80B315A65C55}.Debug|Any CPU.ActiveCfg = Debug|Any CPU
		{00EC06F3-B0D1-4240-BBD9-80B315A65C55}.Debug|Any CPU.Build.0 = Debug|Any CPU
		{00EC06F3-B0D1-4240-BBD9-80B315A65C55}.Release|Any CPU.ActiveCfg = Release|Any CPU
		{00EC06F3-B0D1-4240-BBD9-80B315A65C55}.Release|Any CPU.Build.0 = Release|Any CPU
		{BA94EAA6-5C1C-4C23-B2B2-AF48D8E375F1}.Debug|Any CPU.ActiveCfg = Debug|Any CPU
		{BA94EAA6-5C1C-4C23-B2B2-AF48D8E375F1}.Debug|Any CPU.Build.0 = Debug|Any CPU
		{BA94EAA6-5C1C-4C23-B2B2-AF48D8E375F1}.Release|Any CPU.ActiveCfg = Release|Any CPU
		{BA94EAA6-5C1C-4C23-B2B2-AF48D8E375F1}.Release|Any CPU.Build.0 = Release|Any CPU
		{FBDF88F1-FAC0-405B-8695-1BF46B539731}.Debug|Any CPU.ActiveCfg = Debug|Any CPU
		{FBDF88F1-FAC0-405B-8695-1BF46B539731}.Debug|Any CPU.Build.0 = Debug|Any CPU
		{FBDF88F1-FAC0-405B-8695-1BF46B539731}.Release|Any CPU.ActiveCfg = Release|Any CPU
		{FBDF88F1-FAC0-405B-8695-1BF46B539731}.Release|Any CPU.Build.0 = Release|Any CPU
	EndGlobalSection
	GlobalSection(SolutionProperties) = preSolution
		HideSolutionNode = FALSE
	EndGlobalSection
	GlobalSection(ExtensibilityGlobals) = postSolution
		SolutionGuid = {D6750374-CBD6-423B-9882-E5AEB3FB3C4B}
	EndGlobalSection
EndGlobal
